// !$*UTF8*$!
{
	archiveVersion = 1;
	classes = {
	};
	objectVersion = 56;
	objects = {

/* Begin PBXBuildFile section */
		83815D092B7735A400F53A0F /* Apple_Vision_ProApp.swift in Sources */ = {isa = PBXBuildFile; fileRef = 83815D082B7735A400F53A0F /* Apple_Vision_ProApp.swift */; };
		83815D0B2B7735A400F53A0F /* ContentView.swift in Sources */ = {isa = PBXBuildFile; fileRef = 83815D0A2B7735A400F53A0F /* ContentView.swift */; };
		83815D0D2B7735A600F53A0F /* Assets.xcassets in Resources */ = {isa = PBXBuildFile; fileRef = 83815D0C2B7735A600F53A0F /* Assets.xcassets */; };
		83815D102B7735A600F53A0F /* Preview Assets.xcassets in Resources */ = {isa = PBXBuildFile; fileRef = 83815D0F2B7735A600F53A0F /* Preview Assets.xcassets */; };
		83920F5A2B78313B00D5700B /* VideoPlayerView.swift in Sources */ = {isa = PBXBuildFile; fileRef = 83920F592B78313B00D5700B /* VideoPlayerView.swift */; };
		83920F5C2B7834C000D5700B /* ConnectedDeviceView.swift in Sources */ = {isa = PBXBuildFile; fileRef = 83920F5B2B7834C000D5700B /* ConnectedDeviceView.swift */; };
		83920F5E2B783AA100D5700B /* EnvironmentsControlView.swift in Sources */ = {isa = PBXBuildFile; fileRef = 83920F5D2B783AA100D5700B /* EnvironmentsControlView.swift */; };
		83920F602B78414000D5700B /* VolumeControlView.swift in Sources */ = {isa = PBXBuildFile; fileRef = 83920F5F2B78414000D5700B /* VolumeControlView.swift */; };
		83920F642B7848BE00D5700B /* Preview.png in Resources */ = {isa = PBXBuildFile; fileRef = 83920F632B7848BE00D5700B /* Preview.png */; };
/* End PBXBuildFile section */

/* Begin PBXFileReference section */
		83815D052B7735A400F53A0F /* Apple Vision Pro.app */ = {isa = PBXFileReference; explicitFileType = wrapper.application; includeInIndex = 0; path = "Apple Vision Pro.app"; sourceTree = BUILT_PRODUCTS_DIR; };
		83815D082B7735A400F53A0F /* Apple_Vision_ProApp.swift */ = {isa = PBXFileReference; lastKnownFileType = sourcecode.swift; path = Apple_Vision_ProApp.swift; sourceTree = "<group>"; };
		83815D0A2B7735A400F53A0F /* ContentView.swift */ = {isa = PBXFileReference; lastKnownFileType = sourcecode.swift; path = ContentView.swift; sourceTree = "<group>"; };
		83815D0C2B7735A600F53A0F /* Assets.xcassets */ = {isa = PBXFileReference; lastKnownFileType = folder.assetcatalog; path = Assets.xcassets; sourceTree = "<group>"; };
		83815D0F2B7735A600F53A0F /* Preview Assets.xcassets */ = {isa = PBXFileReference; lastKnownFileType = folder.assetcatalog; path = "Preview Assets.xcassets"; sourceTree = "<group>"; };
		83920F592B78313B00D5700B /* VideoPlayerView.swift */ = {isa = PBXFileReference; lastKnownFileType = sourcecode.swift; path = VideoPlayerView.swift; sourceTree = "<group>"; };
		83920F5B2B7834C000D5700B /* ConnectedDeviceView.swift */ = {isa = PBXFileReference; lastKnownFileType = sourcecode.swift; path = ConnectedDeviceView.swift; sourceTree = "<group>"; };
		83920F5D2B783AA100D5700B /* EnvironmentsControlView.swift */ = {isa = PBXFileReference; lastKnownFileType = sourcecode.swift; path = EnvironmentsControlView.swift; sourceTree = "<group>"; };
		83920F5F2B78414000D5700B /* VolumeControlView.swift */ = {isa = PBXFileReference; lastKnownFileType = sourcecode.swift; path = VolumeControlView.swift; sourceTree = "<group>"; };
		83920F612B7846CA00D5700B /* README.md */ = {isa = PBXFileReference; lastKnownFileType = net.daringfireball.markdown; path = README.md; sourceTree = "<group>"; };
		83920F632B7848BE00D5700B /* Preview.png */ = {isa = PBXFileReference; lastKnownFileType = image.png; path = Preview.png; sourceTree = "<group>"; };
/* End PBXFileReference section */

/* Begin PBXFrameworksBuildPhase section */
		83815D022B7735A400F53A0F /* Frameworks */ = {
			isa = PBXFrameworksBuildPhase;
			buildActionMask = 2147483647;
			files = (
			);
			runOnlyForDeploymentPostprocessing = 0;
		};
/* End PBXFrameworksBuildPhase section */

/* Begin PBXGroup section */
		83815CFC2B7735A400F53A0F = {
			isa = PBXGroup;
			children = (
				83920F622B7848AD00D5700B /* Assets */,
				83920F612B7846CA00D5700B /* README.md */,
				83815D072B7735A400F53A0F /* Apple Vision Pro */,
				83815D062B7735A400F53A0F /* Products */,
			);
			sourceTree = "<group>";
		};
		83815D062B7735A400F53A0F /* Products */ = {
			isa = PBXGroup;
			children = (
				83815D052B7735A400F53A0F /* Apple Vision Pro.app */,
			);
			name = Products;
			sourceTree = "<group>";
		};
		83815D072B7735A400F53A0F /* Apple Vision Pro */ = {
			isa = PBXGroup;
			children = (
				83815D082B7735A400F53A0F /* Apple_Vision_ProApp.swift */,
				83815D0A2B7735A400F53A0F /* ContentView.swift */,
				83815D0C2B7735A600F53A0F /* Assets.xcassets */,
				83815D0E2B7735A600F53A0F /* Preview Content */,
				83920F592B78313B00D5700B /* VideoPlayerView.swift */,
				83920F5B2B7834C000D5700B /* ConnectedDeviceView.swift */,
				83920F5D2B783AA100D5700B /* EnvironmentsControlView.swift */,
				83920F5F2B78414000D5700B /* VolumeControlView.swift */,
			);
			path = "Apple Vision Pro";
			sourceTree = "<group>";
		};
		83815D0E2B7735A600F53A0F /* Preview Content */ = {
			isa = PBXGroup;
			children = (
				83815D0F2B7735A600F53A0F /* Preview Assets.xcassets */,
			);
			path = "Preview Content";
			sourceTree = "<group>";
		};
		83920F622B7848AD00D5700B /* Assets */ = {
			isa = PBXGroup;
			children = (
				83920F632B7848BE00D5700B /* Preview.png */,
			);
			path = Assets;
			sourceTree = "<group>";
		};
/* End PBXGroup section */

/* Begin PBXNativeTarget section */
		83815D042B7735A400F53A0F /* Apple Vision Pro */ = {
			isa = PBXNativeTarget;
			buildConfigurationList = 83815D132B7735A600F53A0F /* Build configuration list for PBXNativeTarget "Apple Vision Pro" */;
			buildPhases = (
				83815D012B7735A400F53A0F /* Sources */,
				83815D022B7735A400F53A0F /* Frameworks */,
				83815D032B7735A400F53A0F /* Resources */,
			);
			buildRules = (
			);
			dependencies = (
			);
			name = "Apple Vision Pro";
			productName = "Apple Vision Pro";
			productReference = 83815D052B7735A400F53A0F /* Apple Vision Pro.app */;
			productType = "com.apple.product-type.application";
		};
/* End PBXNativeTarget section */

/* Begin PBXProject section */
		83815CFD2B7735A400F53A0F /* Project object */ = {
			isa = PBXProject;
			attributes = {
				BuildIndependentTargetsInParallel = 1;
				LastSwiftUpdateCheck = 1530;
				LastUpgradeCheck = 1530;
				TargetAttributes = {
					83815D042B7735A400F53A0F = {
						CreatedOnToolsVersion = 15.3;
					};
				};
			};
			buildConfigurationList = 83815D002B7735A400F53A0F /* Build configuration list for PBXProject "Apple Vision Pro" */;
			compatibilityVersion = "Xcode 14.0";
			developmentRegion = en;
			hasScannedForEncodings = 0;
			knownRegions = (
				en,
				Base,
			);
			mainGroup = 83815CFC2B7735A400F53A0F;
			productRefGroup = 83815D062B7735A400F53A0F /* Products */;
			projectDirPath = "";
			projectRoot = "";
			targets = (
				83815D042B7735A400F53A0F /* Apple Vision Pro */,
			);
		};
/* End PBXProject section */

/* Begin PBXResourcesBuildPhase section */
		83815D032B7735A400F53A0F /* Resources */ = {
			isa = PBXResourcesBuildPhase;
			buildActionMask = 2147483647;
			files = (
				83815D102B7735A600F53A0F /* Preview Assets.xcassets in Resources */,
				83815D0D2B7735A600F53A0F /* Assets.xcassets in Resources */,
				83920F642B7848BE00D5700B /* Preview.png in Resources */,
			);
			runOnlyForDeploymentPostprocessing = 0;
		};
/* End PBXResourcesBuildPhase section */

/* Begin PBXSourcesBuildPhase section */
		83815D012B7735A400F53A0F /* Sources */ = {
			isa = PBXSourcesBuildPhase;
			buildActionMask = 2147483647;
			files = (
				83920F602B78414000D5700B /* VolumeControlView.swift in Sources */,
				83815D0B2B7735A400F53A0F /* ContentView.swift in Sources */,
				83920F5E2B783AA100D5700B /* EnvironmentsControlView.swift in Sources */,
				83815D092B7735A400F53A0F /* Apple_Vision_ProApp.swift in Sources */,
				83920F5C2B7834C000D5700B /* ConnectedDeviceView.swift in Sources */,
				83920F5A2B78313B00D5700B /* VideoPlayerView.swift in Sources */,
			);
			runOnlyForDeploymentPostprocessing = 0;
		};
/* End PBXSourcesBuildPhase section */

/* Begin XCBuildConfiguration section */
		83815D112B7735A600F53A0F /* Debug */ = {
			isa = XCBuildConfiguration;
			buildSettings = {
				ALWAYS_SEARCH_USER_PATHS = NO;
				ASSETCATALOG_COMPILER_GENERATE_SWIFT_ASSET_SYMBOL_EXTENSIONS = YES;
				CLANG_ANALYZER_NONNULL = YES;
				CLANG_ANALYZER_NUMBER_OBJECT_CONVERSION = YES_AGGRESSIVE;
				CLANG_CXX_LANGUAGE_STANDARD = "gnu++20";
				CLANG_ENABLE_MODULES = YES;
				CLANG_ENABLE_OBJC_ARC = YES;
				CLANG_ENABLE_OBJC_WEAK = YES;
				CLANG_WARN_BLOCK_CAPTURE_AUTORELEASING = YES;
				CLANG_WARN_BOOL_CONVERSION = YES;
				CLANG_WARN_COMMA = YES;
				CLANG_WARN_CONSTANT_CONVERSION = YES;
				CLANG_WARN_DEPRECATED_OBJC_IMPLEMENTATIONS = YES;
				CLANG_WARN_DIRECT_OBJC_ISA_USAGE = YES_ERROR;
				CLANG_WARN_DOCUMENTATION_COMMENTS = YES;
				CLANG_WARN_EMPTY_BODY = YES;
				CLANG_WARN_ENUM_CONVERSION = YES;
				CLANG_WARN_INFINITE_RECURSION = YES;
				CLANG_WARN_INT_CONVERSION = YES;
				CLANG_WARN_NON_LITERAL_NULL_CONVERSION = YES;
				CLANG_WARN_OBJC_IMPLICIT_RETAIN_SELF = YES;
				CLANG_WARN_OBJC_LITERAL_CONVERSION = YES;
				CLANG_WARN_OBJC_ROOT_CLASS = YES_ERROR;
				CLANG_WARN_QUOTED_INCLUDE_IN_FRAMEWORK_HEADER = YES;
				CLANG_WARN_RANGE_LOOP_ANALYSIS = YES;
				CLANG_WARN_STRICT_PROTOTYPES = YES;
				CLANG_WARN_SUSPICIOUS_MOVE = YES;
				CLANG_WARN_UNGUARDED_AVAILABILITY = YES_AGGRESSIVE;
				CLANG_WARN_UNREACHABLE_CODE = YES;
				CLANG_WARN__DUPLICATE_METHOD_MATCH = YES;
				COPY_PHASE_STRIP = NO;
				DEBUG_INFORMATION_FORMAT = dwarf;
				ENABLE_STRICT_OBJC_MSGSEND = YES;
				ENABLE_TESTABILITY = YES;
				ENABLE_USER_SCRIPT_SANDBOXING = YES;
				GCC_C_LANGUAGE_STANDARD = gnu17;
				GCC_DYNAMIC_NO_PIC = NO;
				GCC_NO_COMMON_BLOCKS = YES;
				GCC_OPTIMIZATION_LEVEL = 0;
				GCC_PREPROCESSOR_DEFINITIONS = (
					"DEBUG=1",
					"$(inherited)",
				);
				GCC_WARN_64_TO_32_BIT_CONVERSION = YES;
				GCC_WARN_ABOUT_RETURN_TYPE = YES_ERROR;
				GCC_WARN_UNDECLARED_SELECTOR = YES;
				GCC_WARN_UNINITIALIZED_AUTOS = YES_AGGRESSIVE;
				GCC_WARN_UNUSED_FUNCTION = YES;
				GCC_WARN_UNUSED_VARIABLE = YES;
				IPHONEOS_DEPLOYMENT_TARGET = 17.4;
				LOCALIZATION_PREFERS_STRING_CATALOGS = YES;
				MTL_ENABLE_DEBUG_INFO = INCLUDE_SOURCE;
				MTL_FAST_MATH = YES;
				ONLY_ACTIVE_ARCH = YES;
				SDKROOT = iphoneos;
				SWIFT_ACTIVE_COMPILATION_CONDITIONS = "DEBUG $(inherited)";
				SWIFT_OPTIMIZATION_LEVEL = "-Onone";
			};
			name = Debug;
		};
		83815D122B7735A600F53A0F /* Release */ = {
			isa = XCBuildConfiguration;
			buildSettings = {
				ALWAYS_SEARCH_USER_PATHS = NO;
				ASSETCATALOG_COMPILER_GENERATE_SWIFT_ASSET_SYMBOL_EXTENSIONS = YES;
				CLANG_ANALYZER_NONNULL = YES;
				CLANG_ANALYZER_NUMBER_OBJECT_CONVERSION = YES_AGGRESSIVE;
				CLANG_CXX_LANGUAGE_STANDARD = "gnu++20";
				CLANG_ENABLE_MODULES = YES;
				CLANG_ENABLE_OBJC_ARC = YES;
				CLANG_ENABLE_OBJC_WEAK = YES;
				CLANG_WARN_BLOCK_CAPTURE_AUTORELEASING = YES;
				CLANG_WARN_BOOL_CONVERSION = YES;
				CLANG_WARN_COMMA = YES;
				CLANG_WARN_CONSTANT_CONVERSION = YES;
				CLANG_WARN_DEPRECATED_OBJC_IMPLEMENTATIONS = YES;
				CLANG_WARN_DIRECT_OBJC_ISA_USAGE = YES_ERROR;
				CLANG_WARN_DOCUMENTATION_COMMENTS = YES;
				CLANG_WARN_EMPTY_BODY = YES;
				CLANG_WARN_ENUM_CONVERSION = YES;
				CLANG_WARN_INFINITE_RECURSION = YES;
				CLANG_WARN_INT_CONVERSION = YES;
				CLANG_WARN_NON_LITERAL_NULL_CONVERSION = YES;
				CLANG_WARN_OBJC_IMPLICIT_RETAIN_SELF = YES;
				CLANG_WARN_OBJC_LITERAL_CONVERSION = YES;
				CLANG_WARN_OBJC_ROOT_CLASS = YES_ERROR;
				CLANG_WARN_QUOTED_INCLUDE_IN_FRAMEWORK_HEADER = YES;
				CLANG_WARN_RANGE_LOOP_ANALYSIS = YES;
				CLANG_WARN_STRICT_PROTOTYPES = YES;
				CLANG_WARN_SUSPICIOUS_MOVE = YES;
				CLANG_WARN_UNGUARDED_AVAILABILITY = YES_AGGRESSIVE;
				CLANG_WARN_UNREACHABLE_CODE = YES;
				CLANG_WARN__DUPLICATE_METHOD_MATCH = YES;
				COPY_PHASE_STRIP = NO;
				DEBUG_INFORMATION_FORMAT = "dwarf-with-dsym";
				ENABLE_NS_ASSERTIONS = NO;
				ENABLE_STRICT_OBJC_MSGSEND = YES;
				ENABLE_USER_SCRIPT_SANDBOXING = YES;
				GCC_C_LANGUAGE_STANDARD = gnu17;
				GCC_NO_COMMON_BLOCKS = YES;
				GCC_WARN_64_TO_32_BIT_CONVERSION = YES;
				GCC_WARN_ABOUT_RETURN_TYPE = YES_ERROR;
				GCC_WARN_UNDECLARED_SELECTOR = YES;
				GCC_WARN_UNINITIALIZED_AUTOS = YES_AGGRESSIVE;
				GCC_WARN_UNUSED_FUNCTION = YES;
				GCC_WARN_UNUSED_VARIABLE = YES;
				IPHONEOS_DEPLOYMENT_TARGET = 17.4;
				LOCALIZATION_PREFERS_STRING_CATALOGS = YES;
				MTL_ENABLE_DEBUG_INFO = NO;
				MTL_FAST_MATH = YES;
				SDKROOT = iphoneos;
				SWIFT_COMPILATION_MODE = wholemodule;
				VALIDATE_PRODUCT = YES;
			};
			name = Release;
		};
		83815D142B7735A600F53A0F /* Debug */ = {
			isa = XCBuildConfiguration;
			buildSettings = {
				ASSETCATALOG_COMPILER_APPICON_NAME = AppIcon;
				ASSETCATALOG_COMPILER_GLOBAL_ACCENT_COLOR_NAME = AccentColor;
				CODE_SIGN_STYLE = Automatic;
				CURRENT_PROJECT_VERSION = 1;
				DEVELOPMENT_ASSET_PATHS = "\"Apple Vision Pro/Preview Content\"";
				ENABLE_PREVIEWS = YES;
				GENERATE_INFOPLIST_FILE = YES;
				INFOPLIST_KEY_UIApplicationSceneManifest_Generation = YES;
				INFOPLIST_KEY_UIApplicationSupportsIndirectInputEvents = YES;
				INFOPLIST_KEY_UILaunchScreen_Generation = YES;
				INFOPLIST_KEY_UISupportedInterfaceOrientations = "UIInterfaceOrientationLandscapeLeft UIInterfaceOrientationLandscapeRight UIInterfaceOrientationPortrait";
				INFOPLIST_KEY_UISupportedInterfaceOrientations_iPad = "UIInterfaceOrientationLandscapeLeft UIInterfaceOrientationLandscapeRight";
				LD_RUNPATH_SEARCH_PATHS = (
					"$(inherited)",
					"@executable_path/Frameworks",
				);
				MARKETING_VERSION = 1.0;
				PRODUCT_BUNDLE_IDENTIFIER = "com.example.Apple-Vision-Pro";
				PRODUCT_NAME = "$(TARGET_NAME)";
				SUPPORTED_PLATFORMS = "iphoneos iphonesimulator";
				SUPPORTS_MACCATALYST = NO;
				SUPPORTS_MAC_DESIGNED_FOR_IPHONE_IPAD = NO;
				SUPPORTS_XR_DESIGNED_FOR_IPHONE_IPAD = NO;
				SWIFT_EMIT_LOC_STRINGS = YES;
				SWIFT_VERSION = 5.0;
				TARGETED_DEVICE_FAMILY = 2;
			};
			name = Debug;
		};
		83815D152B7735A600F53A0F /* Release */ = {
			isa = XCBuildConfiguration;
			buildSettings = {
				ASSETCATALOG_COMPILER_APPICON_NAME = AppIcon;
				ASSETCATALOG_COMPILER_GLOBAL_ACCENT_COLOR_NAME = AccentColor;
				CODE_SIGN_STYLE = Automatic;
				CURRENT_PROJECT_VERSION = 1;
				DEVELOPMENT_ASSET_PATHS = "\"Apple Vision Pro/Preview Content\"";
				ENABLE_PREVIEWS = YES;
				GENERATE_INFOPLIST_FILE = YES;
				INFOPLIST_KEY_UIApplicationSceneManifest_Generation = YES;
				INFOPLIST_KEY_UIApplicationSupportsIndirectInputEvents = YES;
				INFOPLIST_KEY_UILaunchScreen_Generation = YES;
				INFOPLIST_KEY_UISupportedInterfaceOrientations = "UIInterfaceOrientationLandscapeLeft UIInterfaceOrientationLandscapeRight UIInterfaceOrientationPortrait";
				INFOPLIST_KEY_UISupportedInterfaceOrientations_iPad = "UIInterfaceOrientationLandscapeLeft UIInterfaceOrientationLandscapeRight";
				LD_RUNPATH_SEARCH_PATHS = (
					"$(inherited)",
					"@executable_path/Frameworks",
				);
				MARKETING_VERSION = 1.0;
				PRODUCT_BUNDLE_IDENTIFIER = "com.example.Apple-Vision-Pro";
				PRODUCT_NAME = "$(TARGET_NAME)";
				SUPPORTED_PLATFORMS = "iphoneos iphonesimulator";
				SUPPORTS_MACCATALYST = NO;
				SUPPORTS_MAC_DESIGNED_FOR_IPHONE_IPAD = NO;
				SUPPORTS_XR_DESIGNED_FOR_IPHONE_IPAD = NO;
				SWIFT_EMIT_LOC_STRINGS = YES;
				SWIFT_VERSION = 5.0;
				TARGETED_DEVICE_FAMILY = 2;
			};
			name = Release;
		};
/* End XCBuildConfiguration section */

/* Begin XCConfigurationList section */
		83815D002B7735A400F53A0F /* Build configuration list for PBXProject "Apple Vision Pro" */ = {
			isa = XCConfigurationList;
			buildConfigurations = (
				83815D112B7735A600F53A0F /* Debug */,
				83815D122B7735A600F53A0F /* Release */,
			);
			defaultConfigurationIsVisible = 0;
			defaultConfigurationName = Release;
		};
		83815D132B7735A600F53A0F /* Build configuration list for PBXNativeTarget "Apple Vision Pro" */ = {
			isa = XCConfigurationList;
			buildConfigurations = (
				83815D142B7735A600F53A0F /* Debug */,
				83815D152B7735A600F53A0F /* Release */,
			);
			defaultConfigurationIsVisible = 0;
			defaultConfigurationName = Release;
		};
/* End XCConfigurationList section */
	};
	rootObject = 83815CFD2B7735A400F53A0F /* Project object */;
}
